
Microsoft Visual Studio Solution File, Format Version 12.00
# Visual Studio Version 17
VisualStudioVersion = 17.4.33103.184
MinimumVisualStudioVersion = 10.0.40219.1
Project("{FAE04EC0-301F-11D3-BF4B-00C04F79EFBC}") = "TestCrud", "TestCrud.csproj", "{C7A7864D-AF68-4E88-A326-7BDE7A7A7320}"
EndProject
Global
	GlobalSection(SolutionConfigurationPlatforms) = preSolution
		Debug|Any CPU = Debug|Any CPU
		Release|Any CPU = Release|Any CPU
	EndGlobalSection
	GlobalSection(ProjectConfigurationPlatforms) = postSolution
		{C7A7864D-AF68-4E88-A326-7BDE7A7A7320}.Debug|Any CPU.ActiveCfg = Debug|Any CPU
		{C7A7864D-AF68-4E88-A326-7BDE7A7A7320}.Debug|Any CPU.Build.0 = Debug|Any CPU
		{C7A7864D-AF68-4E88-A326-7BDE7A7A7320}.Release|Any CPU.ActiveCfg = Release|Any CPU
		{C7A7864D-AF68-4E88-A326-7BDE7A7A7320}.Release|Any CPU.Build.0 = Release|Any CPU
	EndGlobalSection
	GlobalSection(SolutionProperties) = preSolution
		HideSolutionNode = FALSE
	EndGlobalSection
	GlobalSection(ExtensibilityGlobals) = postSolution
		SolutionGuid = {E7B8739F-7B26-48DA-8190-DEB258BD4FA9}
	EndGlobalSection
EndGlobal
